// !$*UTF8*$!
{
	archiveVersion = 1;
	classes = {
	};
	objectVersion = 56;
	objects = {

/* Begin PBXBuildFile section */
		FB1D80662AE02C4300D4EDE5 /* Mock.swift in Sources */ = {isa = PBXBuildFile; fileRef = FB1D80652AE02C4300D4EDE5 /* Mock.swift */; };
		FB312A822AE0FA2F004FD764 /* Network in Frameworks */ = {isa = PBXBuildFile; productRef = FB312A812AE0FA2F004FD764 /* Network */; };
		FB312A842AE0FA5F004FD764 /* AssetModule in Frameworks */ = {isa = PBXBuildFile; productRef = FB312A832AE0FA5F004FD764 /* AssetModule */; };
		FB312A8B2AE104F0004FD764 /* MightyCombine in Frameworks */ = {isa = PBXBuildFile; productRef = FB312A8A2AE104F0004FD764 /* MightyCombine */; };
		FB312A8D2AE104F0004FD764 /* MightySwift in Frameworks */ = {isa = PBXBuildFile; productRef = FB312A8C2AE104F0004FD764 /* MightySwift */; };
		FB312A8F2AE10968004FD764 /* FeatureGroup in Frameworks */ = {isa = PBXBuildFile; productRef = FB312A8E2AE10968004FD764 /* FeatureGroup */; };
		FB4228B02ADC107000322462 /* ContentViewModel.swift in Sources */ = {isa = PBXBuildFile; fileRef = FB4228AF2ADC107000322462 /* ContentViewModel.swift */; };
		FBBBD27C2AE0F8E1000E0987 /* MightyCombine in Frameworks */ = {isa = PBXBuildFile; productRef = FBBBD27B2AE0F8E1000E0987 /* MightyCombine */; };
		FBBBD27E2AE0F8E1000E0987 /* MightySwift in Frameworks */ = {isa = PBXBuildFile; productRef = FBBBD27D2AE0F8E1000E0987 /* MightySwift */; };
		FBC300892AD844C70055FEDE /* SwiftUIPracticeApp.swift in Sources */ = {isa = PBXBuildFile; fileRef = FBC300882AD844C70055FEDE /* SwiftUIPracticeApp.swift */; };
		FBC3008B2AD844C70055FEDE /* ContentView.swift in Sources */ = {isa = PBXBuildFile; fileRef = FBC3008A2AD844C70055FEDE /* ContentView.swift */; };
		FBC3008D2AD844C70055FEDE /* Assets.xcassets in Resources */ = {isa = PBXBuildFile; fileRef = FBC3008C2AD844C70055FEDE /* Assets.xcassets */; };
		FBC300912AD844C70055FEDE /* Preview Assets.xcassets in Resources */ = {isa = PBXBuildFile; fileRef = FBC300902AD844C70055FEDE /* Preview Assets.xcassets */; };
/* End PBXBuildFile section */

/* Begin PBXFileReference section */
		FB1D80652AE02C4300D4EDE5 /* Mock.swift */ = {isa = PBXFileReference; lastKnownFileType = sourcecode.swift; path = Mock.swift; sourceTree = "<group>"; };
		FB312A7C2AE0F9D5004FD764 /* Network */ = {isa = PBXFileReference; lastKnownFileType = wrapper; name = Network; path = SwiftUIPractice/Network; sourceTree = "<group>"; };
		FB312A7D2AE0F9DC004FD764 /* UserModule */ = {isa = PBXFileReference; lastKnownFileType = wrapper; name = UserModule; path = SwiftUIPractice/UserModule; sourceTree = "<group>"; };
		FB312A7F2AE0F9EA004FD764 /* AssetModule */ = {isa = PBXFileReference; lastKnownFileType = wrapper; name = AssetModule; path = SwiftUIPractice/AssetModule; sourceTree = "<group>"; };
		FB312A882AE0FBBF004FD764 /* DataBase */ = {isa = PBXFileReference; lastKnownFileType = wrapper; name = DataBase; path = SwiftUIPractice/DataBase; sourceTree = "<group>"; };
		FB312A892AE0FF0F004FD764 /* FeatureGroup */ = {isa = PBXFileReference; lastKnownFileType = wrapper; name = FeatureGroup; path = SwiftUIPractice/FeatureGroup; sourceTree = "<group>"; };
		FB4228AF2ADC107000322462 /* ContentViewModel.swift */ = {isa = PBXFileReference; lastKnownFileType = sourcecode.swift; path = ContentViewModel.swift; sourceTree = "<group>"; };
		FBC300852AD844C70055FEDE /* SwiftUIPractice.app */ = {isa = PBXFileReference; explicitFileType = wrapper.application; includeInIndex = 0; path = SwiftUIPractice.app; sourceTree = BUILT_PRODUCTS_DIR; };
		FBC300882AD844C70055FEDE /* SwiftUIPracticeApp.swift */ = {isa = PBXFileReference; lastKnownFileType = sourcecode.swift; path = SwiftUIPracticeApp.swift; sourceTree = "<group>"; };
		FBC3008A2AD844C70055FEDE /* ContentView.swift */ = {isa = PBXFileReference; lastKnownFileType = sourcecode.swift; path = ContentView.swift; sourceTree = "<group>"; };
		FBC3008C2AD844C70055FEDE /* Assets.xcassets */ = {isa = PBXFileReference; lastKnownFileType = folder.assetcatalog; path = Assets.xcassets; sourceTree = "<group>"; };
		FBC3008E2AD844C70055FEDE /* SwiftUIPractice.entitlements */ = {isa = PBXFileReference; lastKnownFileType = text.plist.entitlements; path = SwiftUIPractice.entitlements; sourceTree = "<group>"; };
		FBC300902AD844C70055FEDE /* Preview Assets.xcassets */ = {isa = PBXFileReference; lastKnownFileType = folder.assetcatalog; path = "Preview Assets.xcassets"; sourceTree = "<group>"; };
/* End PBXFileReference section */

/* Begin PBXFrameworksBuildPhase section */
		FBC300822AD844C70055FEDE /* Frameworks */ = {
			isa = PBXFrameworksBuildPhase;
			buildActionMask = 2147483647;
			files = (
				FB312A8D2AE104F0004FD764 /* MightySwift in Frameworks */,
				FB312A822AE0FA2F004FD764 /* Network in Frameworks */,
				FB312A842AE0FA5F004FD764 /* AssetModule in Frameworks */,
				FBBBD27E2AE0F8E1000E0987 /* MightySwift in Frameworks */,
				FB312A8B2AE104F0004FD764 /* MightyCombine in Frameworks */,
				FB312A8F2AE10968004FD764 /* FeatureGroup in Frameworks */,
				FBBBD27C2AE0F8E1000E0987 /* MightyCombine in Frameworks */,
			);
			runOnlyForDeploymentPostprocessing = 0;
		};
/* End PBXFrameworksBuildPhase section */

/* Begin PBXGroup section */
		FB312A852AE0FB13004FD764 /* Featues */ = {
			isa = PBXGroup;
			children = (
				FB312A892AE0FF0F004FD764 /* FeatureGroup */,
				FB312A7F2AE0F9EA004FD764 /* AssetModule */,
				FB312A7D2AE0F9DC004FD764 /* UserModule */,
			);
			name = Featues;
			sourceTree = "<group>";
		};
		FB312A862AE0FB21004FD764 /* Data */ = {
			isa = PBXGroup;
			children = (
				FB312A882AE0FBBF004FD764 /* DataBase */,
				FB312A7C2AE0F9D5004FD764 /* Network */,
			);
			name = Data;
			sourceTree = "<group>";
		};
		FBC3007C2AD844C70055FEDE = {
			isa = PBXGroup;
			children = (
				FB312A862AE0FB21004FD764 /* Data */,
				FB312A852AE0FB13004FD764 /* Featues */,
				FBC300872AD844C70055FEDE /* SwiftUIPractice */,
				FBC300862AD844C70055FEDE /* Products */,
				FBD85F982AE0ED1000B41E13 /* Frameworks */,
			);
			sourceTree = "<group>";
		};
		FBC300862AD844C70055FEDE /* Products */ = {
			isa = PBXGroup;
			children = (
				FBC300852AD844C70055FEDE /* SwiftUIPractice.app */,
			);
			name = Products;
			sourceTree = "<group>";
		};
		FBC300872AD844C70055FEDE /* SwiftUIPractice */ = {
			isa = PBXGroup;
			children = (
				FBC300882AD844C70055FEDE /* SwiftUIPracticeApp.swift */,
				FBC3008A2AD844C70055FEDE /* ContentView.swift */,
				FB4228AF2ADC107000322462 /* ContentViewModel.swift */,
				FB1D80652AE02C4300D4EDE5 /* Mock.swift */,
				FBC3008C2AD844C70055FEDE /* Assets.xcassets */,
				FBC3008E2AD844C70055FEDE /* SwiftUIPractice.entitlements */,
				FBC3008F2AD844C70055FEDE /* Preview Content */,
			);
			path = SwiftUIPractice;
			sourceTree = "<group>";
		};
		FBC3008F2AD844C70055FEDE /* Preview Content */ = {
			isa = PBXGroup;
			children = (
				FBC300902AD844C70055FEDE /* Preview Assets.xcassets */,
			);
			path = "Preview Content";
			sourceTree = "<group>";
		};
		FBD85F982AE0ED1000B41E13 /* Frameworks */ = {
			isa = PBXGroup;
			children = (
			);
			name = Frameworks;
			sourceTree = "<group>";
		};
/* End PBXGroup section */

/* Begin PBXNativeTarget section */
		FBC300842AD844C70055FEDE /* SwiftUIPractice */ = {
			isa = PBXNativeTarget;
			buildConfigurationList = FBC300942AD844C70055FEDE /* Build configuration list for PBXNativeTarget "SwiftUIPractice" */;
			buildPhases = (
				FBC300812AD844C70055FEDE /* Sources */,
				FBC300822AD844C70055FEDE /* Frameworks */,
				FBC300832AD844C70055FEDE /* Resources */,
			);
			buildRules = (
			);
			dependencies = (
			);
			name = SwiftUIPractice;
			packageProductDependencies = (
				FBBBD27B2AE0F8E1000E0987 /* MightyCombine */,
				FBBBD27D2AE0F8E1000E0987 /* MightySwift */,
				FB312A812AE0FA2F004FD764 /* Network */,
				FB312A832AE0FA5F004FD764 /* AssetModule */,
				FB312A8A2AE104F0004FD764 /* MightyCombine */,
				FB312A8C2AE104F0004FD764 /* MightySwift */,
				FB312A8E2AE10968004FD764 /* FeatureGroup */,
			);
			productName = SwiftUIPractice;
			productReference = FBC300852AD844C70055FEDE /* SwiftUIPractice.app */;
			productType = "com.apple.product-type.application";
		};
/* End PBXNativeTarget section */

/* Begin PBXProject section */
		FBC3007D2AD844C70055FEDE /* Project object */ = {
			isa = PBXProject;
			attributes = {
				BuildIndependentTargetsInParallel = 1;
				LastSwiftUpdateCheck = 1500;
				LastUpgradeCheck = 1500;
				TargetAttributes = {
					FBC300842AD844C70055FEDE = {
						CreatedOnToolsVersion = 15.0;
					};
				};
			};
			buildConfigurationList = FBC300802AD844C70055FEDE /* Build configuration list for PBXProject "SwiftUIPractice" */;
			compatibilityVersion = "Xcode 14.0";
			developmentRegion = en;
			hasScannedForEncodings = 0;
			knownRegions = (
				en,
				Base,
			);
			mainGroup = FBC3007C2AD844C70055FEDE;
			packageReferences = (
				FBBBD27A2AE0F8E1000E0987 /* XCRemoteSwiftPackageReference "MightyCombine" */,
			);
			productRefGroup = FBC300862AD844C70055FEDE /* Products */;
			projectDirPath = "";
			projectRoot = "";
			targets = (
				FBC300842AD844C70055FEDE /* SwiftUIPractice */,
			);
		};
/* End PBXProject section */

/* Begin PBXResourcesBuildPhase section */
		FBC300832AD844C70055FEDE /* Resources */ = {
			isa = PBXResourcesBuildPhase;
			buildActionMask = 2147483647;
			files = (
				FBC300912AD844C70055FEDE /* Preview Assets.xcassets in Resources */,
				FBC3008D2AD844C70055FEDE /* Assets.xcassets in Resources */,
			);
			runOnlyForDeploymentPostprocessing = 0;
		};
/* End PBXResourcesBuildPhase section */

/* Begin PBXSourcesBuildPhase section */
		FBC300812AD844C70055FEDE /* Sources */ = {
			isa = PBXSourcesBuildPhase;
			buildActionMask = 2147483647;
			files = (
				FBC3008B2AD844C70055FEDE /* ContentView.swift in Sources */,
				FBC300892AD844C70055FEDE /* SwiftUIPracticeApp.swift in Sources */,
				FB4228B02ADC107000322462 /* ContentViewModel.swift in Sources */,
				FB1D80662AE02C4300D4EDE5 /* Mock.swift in Sources */,
			);
			runOnlyForDeploymentPostprocessing = 0;
		};
/* End PBXSourcesBuildPhase section */

/* Begin XCBuildConfiguration section */
		FBC300922AD844C70055FEDE /* Debug */ = {
			isa = XCBuildConfiguration;
			buildSettings = {
				ALWAYS_SEARCH_USER_PATHS = NO;
				ASSETCATALOG_COMPILER_GENERATE_SWIFT_ASSET_SYMBOL_EXTENSIONS = YES;
				CLANG_ANALYZER_NONNULL = YES;
				CLANG_ANALYZER_NUMBER_OBJECT_CONVERSION = YES_AGGRESSIVE;
				CLANG_CXX_LANGUAGE_STANDARD = "gnu++20";
				CLANG_ENABLE_MODULES = YES;
				CLANG_ENABLE_OBJC_ARC = YES;
				CLANG_ENABLE_OBJC_WEAK = YES;
				CLANG_WARN_BLOCK_CAPTURE_AUTORELEASING = YES;
				CLANG_WARN_BOOL_CONVERSION = YES;
				CLANG_WARN_COMMA = YES;
				CLANG_WARN_CONSTANT_CONVERSION = YES;
				CLANG_WARN_DEPRECATED_OBJC_IMPLEMENTATIONS = YES;
				CLANG_WARN_DIRECT_OBJC_ISA_USAGE = YES_ERROR;
				CLANG_WARN_DOCUMENTATION_COMMENTS = YES;
				CLANG_WARN_EMPTY_BODY = YES;
				CLANG_WARN_ENUM_CONVERSION = YES;
				CLANG_WARN_INFINITE_RECURSION = YES;
				CLANG_WARN_INT_CONVERSION = YES;
				CLANG_WARN_NON_LITERAL_NULL_CONVERSION = YES;
				CLANG_WARN_OBJC_IMPLICIT_RETAIN_SELF = YES;
				CLANG_WARN_OBJC_LITERAL_CONVERSION = YES;
				CLANG_WARN_OBJC_ROOT_CLASS = YES_ERROR;
				CLANG_WARN_QUOTED_INCLUDE_IN_FRAMEWORK_HEADER = YES;
				CLANG_WARN_RANGE_LOOP_ANALYSIS = YES;
				CLANG_WARN_STRICT_PROTOTYPES = YES;
				CLANG_WARN_SUSPICIOUS_MOVE = YES;
				CLANG_WARN_UNGUARDED_AVAILABILITY = YES_AGGRESSIVE;
				CLANG_WARN_UNREACHABLE_CODE = YES;
				CLANG_WARN__DUPLICATE_METHOD_MATCH = YES;
				COPY_PHASE_STRIP = NO;
				DEBUG_INFORMATION_FORMAT = dwarf;
				ENABLE_STRICT_OBJC_MSGSEND = YES;
				ENABLE_TESTABILITY = YES;
				ENABLE_USER_SCRIPT_SANDBOXING = YES;
				GCC_C_LANGUAGE_STANDARD = gnu17;
				GCC_DYNAMIC_NO_PIC = NO;
				GCC_NO_COMMON_BLOCKS = YES;
				GCC_OPTIMIZATION_LEVEL = 0;
				GCC_PREPROCESSOR_DEFINITIONS = (
					"DEBUG=1",
					"$(inherited)",
				);
				GCC_WARN_64_TO_32_BIT_CONVERSION = YES;
				GCC_WARN_ABOUT_RETURN_TYPE = YES_ERROR;
				GCC_WARN_UNDECLARED_SELECTOR = YES;
				GCC_WARN_UNINITIALIZED_AUTOS = YES_AGGRESSIVE;
				GCC_WARN_UNUSED_FUNCTION = YES;
				GCC_WARN_UNUSED_VARIABLE = YES;
				LOCALIZATION_PREFERS_STRING_CATALOGS = YES;
				MTL_ENABLE_DEBUG_INFO = INCLUDE_SOURCE;
				MTL_FAST_MATH = YES;
				ONLY_ACTIVE_ARCH = YES;
				SWIFT_ACTIVE_COMPILATION_CONDITIONS = "DEBUG $(inherited)";
				SWIFT_OPTIMIZATION_LEVEL = "-Onone";
			};
			name = Debug;
		};
		FBC300932AD844C70055FEDE /* Release */ = {
			isa = XCBuildConfiguration;
			buildSettings = {
				ALWAYS_SEARCH_USER_PATHS = NO;
				ASSETCATALOG_COMPILER_GENERATE_SWIFT_ASSET_SYMBOL_EXTENSIONS = YES;
				CLANG_ANALYZER_NONNULL = YES;
				CLANG_ANALYZER_NUMBER_OBJECT_CONVERSION = YES_AGGRESSIVE;
				CLANG_CXX_LANGUAGE_STANDARD = "gnu++20";
				CLANG_ENABLE_MODULES = YES;
				CLANG_ENABLE_OBJC_ARC = YES;
				CLANG_ENABLE_OBJC_WEAK = YES;
				CLANG_WARN_BLOCK_CAPTURE_AUTORELEASING = YES;
				CLANG_WARN_BOOL_CONVERSION = YES;
				CLANG_WARN_COMMA = YES;
				CLANG_WARN_CONSTANT_CONVERSION = YES;
				CLANG_WARN_DEPRECATED_OBJC_IMPLEMENTATIONS = YES;
				CLANG_WARN_DIRECT_OBJC_ISA_USAGE = YES_ERROR;
				CLANG_WARN_DOCUMENTATION_COMMENTS = YES;
				CLANG_WARN_EMPTY_BODY = YES;
				CLANG_WARN_ENUM_CONVERSION = YES;
				CLANG_WARN_INFINITE_RECURSION = YES;
				CLANG_WARN_INT_CONVERSION = YES;
				CLANG_WARN_NON_LITERAL_NULL_CONVERSION = YES;
				CLANG_WARN_OBJC_IMPLICIT_RETAIN_SELF = YES;
				CLANG_WARN_OBJC_LITERAL_CONVERSION = YES;
				CLANG_WARN_OBJC_ROOT_CLASS = YES_ERROR;
				CLANG_WARN_QUOTED_INCLUDE_IN_FRAMEWORK_HEADER = YES;
				CLANG_WARN_RANGE_LOOP_ANALYSIS = YES;
				CLANG_WARN_STRICT_PROTOTYPES = YES;
				CLANG_WARN_SUSPICIOUS_MOVE = YES;
				CLANG_WARN_UNGUARDED_AVAILABILITY = YES_AGGRESSIVE;
				CLANG_WARN_UNREACHABLE_CODE = YES;
				CLANG_WARN__DUPLICATE_METHOD_MATCH = YES;
				COPY_PHASE_STRIP = NO;
				DEBUG_INFORMATION_FORMAT = "dwarf-with-dsym";
				ENABLE_NS_ASSERTIONS = NO;
				ENABLE_STRICT_OBJC_MSGSEND = YES;
				ENABLE_USER_SCRIPT_SANDBOXING = YES;
				GCC_C_LANGUAGE_STANDARD = gnu17;
				GCC_NO_COMMON_BLOCKS = YES;
				GCC_WARN_64_TO_32_BIT_CONVERSION = YES;
				GCC_WARN_ABOUT_RETURN_TYPE = YES_ERROR;
				GCC_WARN_UNDECLARED_SELECTOR = YES;
				GCC_WARN_UNINITIALIZED_AUTOS = YES_AGGRESSIVE;
				GCC_WARN_UNUSED_FUNCTION = YES;
				GCC_WARN_UNUSED_VARIABLE = YES;
				LOCALIZATION_PREFERS_STRING_CATALOGS = YES;
				MTL_ENABLE_DEBUG_INFO = NO;
				MTL_FAST_MATH = YES;
				SWIFT_COMPILATION_MODE = wholemodule;
			};
			name = Release;
		};
		FBC300952AD844C70055FEDE /* Debug */ = {
			isa = XCBuildConfiguration;
			buildSettings = {
				ASSETCATALOG_COMPILER_APPICON_NAME = AppIcon;
				ASSETCATALOG_COMPILER_GLOBAL_ACCENT_COLOR_NAME = AccentColor;
				CODE_SIGN_ENTITLEMENTS = SwiftUIPractice/SwiftUIPractice.entitlements;
				CODE_SIGN_STYLE = Automatic;
				CURRENT_PROJECT_VERSION = 1;
				DEVELOPMENT_ASSET_PATHS = "\"SwiftUIPractice/Preview Content\"";
				DEVELOPMENT_TEAM = 76AJ433CP5;
				ENABLE_HARDENED_RUNTIME = YES;
				ENABLE_PREVIEWS = YES;
				GENERATE_INFOPLIST_FILE = YES;
				"INFOPLIST_KEY_UIApplicationSceneManifest_Generation[sdk=iphoneos*]" = YES;
				"INFOPLIST_KEY_UIApplicationSceneManifest_Generation[sdk=iphonesimulator*]" = YES;
				"INFOPLIST_KEY_UIApplicationSupportsIndirectInputEvents[sdk=iphoneos*]" = YES;
				"INFOPLIST_KEY_UIApplicationSupportsIndirectInputEvents[sdk=iphonesimulator*]" = YES;
				"INFOPLIST_KEY_UILaunchScreen_Generation[sdk=iphoneos*]" = YES;
				"INFOPLIST_KEY_UILaunchScreen_Generation[sdk=iphonesimulator*]" = YES;
				"INFOPLIST_KEY_UIStatusBarStyle[sdk=iphoneos*]" = UIStatusBarStyleDefault;
				"INFOPLIST_KEY_UIStatusBarStyle[sdk=iphonesimulator*]" = UIStatusBarStyleDefault;
				INFOPLIST_KEY_UISupportedInterfaceOrientations_iPad = "UIInterfaceOrientationPortrait UIInterfaceOrientationPortraitUpsideDown UIInterfaceOrientationLandscapeLeft UIInterfaceOrientationLandscapeRight";
				INFOPLIST_KEY_UISupportedInterfaceOrientations_iPhone = "UIInterfaceOrientationPortrait UIInterfaceOrientationLandscapeLeft UIInterfaceOrientationLandscapeRight";
				IPHONEOS_DEPLOYMENT_TARGET = 15.0;
				LD_RUNPATH_SEARCH_PATHS = "@executable_path/Frameworks";
				"LD_RUNPATH_SEARCH_PATHS[sdk=macosx*]" = "@executable_path/../Frameworks";
				MACOSX_DEPLOYMENT_TARGET = 14.0;
				MARKETING_VERSION = 1.0;
				PRODUCT_BUNDLE_IDENTIFIER = kim.SwiftUIPractice;
				PRODUCT_NAME = "$(TARGET_NAME)";
				SDKROOT = auto;
				SUPPORTED_PLATFORMS = "iphoneos iphonesimulator";
				SUPPORTS_MACCATALYST = NO;
				SWIFT_EMIT_LOC_STRINGS = YES;
				SWIFT_VERSION = 5.0;
				TARGETED_DEVICE_FAMILY = 1;
			};
			name = Debug;
		};
		FBC300962AD844C70055FEDE /* Release */ = {
			isa = XCBuildConfiguration;
			buildSettings = {
				ASSETCATALOG_COMPILER_APPICON_NAME = AppIcon;
				ASSETCATALOG_COMPILER_GLOBAL_ACCENT_COLOR_NAME = AccentColor;
				CODE_SIGN_ENTITLEMENTS = SwiftUIPractice/SwiftUIPractice.entitlements;
				CODE_SIGN_STYLE = Automatic;
				CURRENT_PROJECT_VERSION = 1;
				DEVELOPMENT_ASSET_PATHS = "\"SwiftUIPractice/Preview Content\"";
				DEVELOPMENT_TEAM = 76AJ433CP5;
				ENABLE_HARDENED_RUNTIME = YES;
				ENABLE_PREVIEWS = YES;
				GENERATE_INFOPLIST_FILE = YES;
				"INFOPLIST_KEY_UIApplicationSceneManifest_Generation[sdk=iphoneos*]" = YES;
				"INFOPLIST_KEY_UIApplicationSceneManifest_Generation[sdk=iphonesimulator*]" = YES;
				"INFOPLIST_KEY_UIApplicationSupportsIndirectInputEvents[sdk=iphoneos*]" = YES;
				"INFOPLIST_KEY_UIApplicationSupportsIndirectInputEvents[sdk=iphonesimulator*]" = YES;
				"INFOPLIST_KEY_UILaunchScreen_Generation[sdk=iphoneos*]" = YES;
				"INFOPLIST_KEY_UILaunchScreen_Generation[sdk=iphonesimulator*]" = YES;
				"INFOPLIST_KEY_UIStatusBarStyle[sdk=iphoneos*]" = UIStatusBarStyleDefault;
				"INFOPLIST_KEY_UIStatusBarStyle[sdk=iphonesimulator*]" = UIStatusBarStyleDefault;
				INFOPLIST_KEY_UISupportedInterfaceOrientations_iPad = "UIInterfaceOrientationPortrait UIInterfaceOrientationPortraitUpsideDown UIInterfaceOrientationLandscapeLeft UIInterfaceOrientationLandscapeRight";
				INFOPLIST_KEY_UISupportedInterfaceOrientations_iPhone = "UIInterfaceOrientationPortrait UIInterfaceOrientationLandscapeLeft UIInterfaceOrientationLandscapeRight";
				IPHONEOS_DEPLOYMENT_TARGET = 15.0;
				LD_RUNPATH_SEARCH_PATHS = "@executable_path/Frameworks";
				"LD_RUNPATH_SEARCH_PATHS[sdk=macosx*]" = "@executable_path/../Frameworks";
				MACOSX_DEPLOYMENT_TARGET = 14.0;
				MARKETING_VERSION = 1.0;
				PRODUCT_BUNDLE_IDENTIFIER = kim.SwiftUIPractice;
				PRODUCT_NAME = "$(TARGET_NAME)";
				SDKROOT = auto;
				SUPPORTED_PLATFORMS = "iphoneos iphonesimulator";
				SUPPORTS_MACCATALYST = NO;
				SWIFT_EMIT_LOC_STRINGS = YES;
				SWIFT_VERSION = 5.0;
				TARGETED_DEVICE_FAMILY = 1;
			};
			name = Release;
		};
/* End XCBuildConfiguration section */

/* Begin XCConfigurationList section */
		FBC300802AD844C70055FEDE /* Build configuration list for PBXProject "SwiftUIPractice" */ = {
			isa = XCConfigurationList;
			buildConfigurations = (
				FBC300922AD844C70055FEDE /* Debug */,
				FBC300932AD844C70055FEDE /* Release */,
			);
			defaultConfigurationIsVisible = 0;
			defaultConfigurationName = Release;
		};
		FBC300942AD844C70055FEDE /* Build configuration list for PBXNativeTarget "SwiftUIPractice" */ = {
			isa = XCConfigurationList;
			buildConfigurations = (
				FBC300952AD844C70055FEDE /* Debug */,
				FBC300962AD844C70055FEDE /* Release */,
			);
			defaultConfigurationIsVisible = 0;
			defaultConfigurationName = Release;
		};
/* End XCConfigurationList section */

/* Begin XCRemoteSwiftPackageReference section */
		FBBBD27A2AE0F8E1000E0987 /* XCRemoteSwiftPackageReference "MightyCombine" */ = {
			isa = XCRemoteSwiftPackageReference;
			repositoryURL = "https://github.com/MightyCombine/MightyCombine.git";
			requirement = {
				kind = upToNextMajorVersion;
				minimumVersion = 0.4.7;
			};
		};
/* End XCRemoteSwiftPackageReference section */

/* Begin XCSwiftPackageProductDependency section */
		FB312A812AE0FA2F004FD764 /* Network */ = {
			isa = XCSwiftPackageProductDependency;
			productName = Network;
		};
		FB312A832AE0FA5F004FD764 /* AssetModule */ = {
			isa = XCSwiftPackageProductDependency;
			productName = AssetModule;
		};
		FB312A8A2AE104F0004FD764 /* MightyCombine */ = {
			isa = XCSwiftPackageProductDependency;
			package = FBBBD27A2AE0F8E1000E0987 /* XCRemoteSwiftPackageReference "MightyCombine" */;
			productName = MightyCombine;
		};
		FB312A8C2AE104F0004FD764 /* MightySwift */ = {
			isa = XCSwiftPackageProductDependency;
			package = FBBBD27A2AE0F8E1000E0987 /* XCRemoteSwiftPackageReference "MightyCombine" */;
			productName = MightySwift;
		};
		FB312A8E2AE10968004FD764 /* FeatureGroup */ = {
			isa = XCSwiftPackageProductDependency;
			productName = FeatureGroup;
		};
		FBBBD27B2AE0F8E1000E0987 /* MightyCombine */ = {
			isa = XCSwiftPackageProductDependency;
			package = FBBBD27A2AE0F8E1000E0987 /* XCRemoteSwiftPackageReference "MightyCombine" */;
			productName = MightyCombine;
		};
		FBBBD27D2AE0F8E1000E0987 /* MightySwift */ = {
			isa = XCSwiftPackageProductDependency;
			package = FBBBD27A2AE0F8E1000E0987 /* XCRemoteSwiftPackageReference "MightyCombine" */;
			productName = MightySwift;
		};
/* End XCSwiftPackageProductDependency section */
	};
	rootObject = FBC3007D2AD844C70055FEDE /* Project object */;
}
