{
  "pins" : [
    {
      "identity" : "mightycombine",
      "kind" : "remoteSourceControl",
      "location" : "https://github.com/MightyCombine/MightyCombine.git",
      "state" : {
        "revision" : "bf790b70e75ced3ad370f89b05a502c8d5751c88",
        "version" : "0.4.7"
      }
    }
  ],
  "version" : 2
}
